{
  "version": 4,
  "terraform_version": "1.5.0",
  "serial": 678,
  "lineage": "5d2051ad-d41d-7497-e3d6-49c06afb4db3",
  "outputs": {
    "name": {
      "value": "https://frontend-qf27jlndyq-uc.a.run.app",
      "type": "string"
    }
  },
  "resources": [
    {
      "mode": "data",
      "type": "google_iam_policy",
      "name": "addproducts",
      "provider": "provider[\"registry.terraform.io/hashicorp/google\"]",
      "instances": [
        {
          "schema_version": 0,
          "attributes": {
            "audit_config": null,
            "binding": [
              {
                "condition": [],
                "members": [
                  "allUsers"
                ],
                "role": "roles/run.invoker"
              }
            ],
            "id": "3450855414",
            "policy_data": "{\"bindings\":[{\"members\":[\"allUsers\"],\"role\":\"roles/run.invoker\"}]}"
          },
          "sensitive_attributes": []
        }
      ]
    },
    {
      "mode": "data",
      "type": "google_iam_policy",
      "name": "api_gateway",
      "provider": "provider[\"registry.terraform.io/hashicorp/google\"]",
      "instances": [
        {
          "schema_version": 0,
          "attributes": {
            "audit_config": null,
            "binding": [
              {
                "condition": [],
                "members": [
                  "allUsers"
                ],
                "role": "roles/run.invoker"
              }
            ],
            "id": "3450855414",
            "policy_data": "{\"bindings\":[{\"members\":[\"allUsers\"],\"role\":\"roles/run.invoker\"}]}"
          },
          "sensitive_attributes": []
        }
      ]
    },
    {
      "mode": "data",
      "type": "google_iam_policy",
      "name": "frontend",
      "provider": "provider[\"registry.terraform.io/hashicorp/google\"]",
      "instances": [
        {
          "schema_version": 0,
          "attributes": {
            "audit_config": null,
            "binding": [
              {
                "condition": [],
                "members": [
                  "allUsers"
                ],
                "role": "roles/run.invoker"
              }
            ],
            "id": "3450855414",
            "policy_data": "{\"bindings\":[{\"members\":[\"allUsers\"],\"role\":\"roles/run.invoker\"}]}"
          },
          "sensitive_attributes": []
        }
      ]
    },
    {
      "mode": "data",
      "type": "google_iam_policy",
      "name": "login",
      "provider": "provider[\"registry.terraform.io/hashicorp/google\"]",
      "instances": [
        {
          "schema_version": 0,
          "attributes": {
            "audit_config": null,
            "binding": [
              {
                "condition": [],
                "members": [
                  "allUsers"
                ],
                "role": "roles/run.invoker"
              }
            ],
            "id": "3450855414",
            "policy_data": "{\"bindings\":[{\"members\":[\"allUsers\"],\"role\":\"roles/run.invoker\"}]}"
          },
          "sensitive_attributes": []
        }
      ]
    },
    {
      "mode": "data",
      "type": "google_iam_policy",
      "name": "logout",
      "provider": "provider[\"registry.terraform.io/hashicorp/google\"]",
      "instances": [
        {
          "schema_version": 0,
          "attributes": {
            "audit_config": null,
            "binding": [
              {
                "condition": [],
                "members": [
                  "allUsers"
                ],
                "role": "roles/run.invoker"
              }
            ],
            "id": "3450855414",
            "policy_data": "{\"bindings\":[{\"members\":[\"allUsers\"],\"role\":\"roles/run.invoker\"}]}"
          },
          "sensitive_attributes": []
        }
      ]
    },
    {
      "mode": "data",
      "type": "google_iam_policy",
      "name": "profile",
      "provider": "provider[\"registry.terraform.io/hashicorp/google\"]",
      "instances": [
        {
          "schema_version": 0,
          "attributes": {
            "audit_config": null,
            "binding": [
              {
                "condition": [],
                "members": [
                  "allUsers"
                ],
                "role": "roles/run.invoker"
              }
            ],
            "id": "3450855414",
            "policy_data": "{\"bindings\":[{\"members\":[\"allUsers\"],\"role\":\"roles/run.invoker\"}]}"
          },
          "sensitive_attributes": []
        }
      ]
    },
    {
      "mode": "data",
      "type": "google_iam_policy",
      "name": "register",
      "provider": "provider[\"registry.terraform.io/hashicorp/google\"]",
      "instances": [
        {
          "schema_version": 0,
          "attributes": {
            "audit_config": null,
            "binding": [
              {
                "condition": [],
                "members": [
                  "allUsers"
                ],
                "role": "roles/run.invoker"
              }
            ],
            "id": "3450855414",
            "policy_data": "{\"bindings\":[{\"members\":[\"allUsers\"],\"role\":\"roles/run.invoker\"}]}"
          },
          "sensitive_attributes": []
        }
      ]
    },
    {
      "mode": "data",
      "type": "google_iam_policy",
      "name": "viewproducts",
      "provider": "provider[\"registry.terraform.io/hashicorp/google\"]",
      "instances": [
        {
          "schema_version": 0,
          "attributes": {
            "audit_config": null,
            "binding": [
              {
                "condition": [],
                "members": [
                  "allUsers"
                ],
                "role": "roles/run.invoker"
              }
            ],
            "id": "3450855414",
            "policy_data": "{\"bindings\":[{\"members\":[\"allUsers\"],\"role\":\"roles/run.invoker\"}]}"
          },
          "sensitive_attributes": []
        }
      ]
    },
    {
      "mode": "managed",
      "type": "docker_image",
      "name": "addproducts",
      "provider": "provider[\"registry.terraform.io/kreuzwerker/docker\"]",
      "instances": [
        {
          "schema_version": 0,
          "attributes": {
            "build": [
              {
                "auth_config": [],
                "build_arg": null,
                "build_args": null,
                "build_id": "",
                "cache_from": [],
                "cgroup_parent": "",
                "context": "./backend/Microservices/AddProducts/.",
                "cpu_period": null,
                "cpu_quota": null,
                "cpu_set_cpus": "",
                "cpu_set_mems": "",
                "cpu_shares": null,
                "dockerfile": "Dockerfile",
                "extra_hosts": [],
                "force_remove": null,
                "isolation": "",
                "label": null,
                "labels": null,
                "memory": null,
                "memory_swap": null,
                "network_mode": "",
                "no_cache": true,
                "platform": "",
                "pull_parent": null,
                "remote_context": "",
                "remove": true,
                "security_opt": [],
                "session_id": "",
                "shm_size": null,
                "squash": null,
                "suppress_output": null,
                "tag": [],
                "target": "",
                "ulimit": [],
                "version": ""
              }
            ],
            "force_remove": null,
            "id": "sha256:e5c80f04c6ce5cd37237b71f95f0a0dbda366f9a8938a50fd2117a8c10ccc1e0us-central1-docker.pkg.dev/terraform-386117/my-docker-repository-baqalti/addproducts:latest",
            "image_id": "sha256:e5c80f04c6ce5cd37237b71f95f0a0dbda366f9a8938a50fd2117a8c10ccc1e0",
            "keep_locally": null,
            "name": "us-central1-docker.pkg.dev/terraform-386117/my-docker-repository-baqalti/addproducts:latest",
            "platform": null,
            "pull_triggers": null,
            "repo_digest": "",
            "triggers": null
          },
          "sensitive_attributes": [],
          "private": "bnVsbA=="
        }
      ]
    },
    {
      "mode": "managed",
      "type": "docker_image",
      "name": "api_gateway",
      "provider": "provider[\"registry.terraform.io/kreuzwerker/docker\"]",
      "instances": [
        {
          "schema_version": 0,
          "attributes": {
            "build": [
              {
                "auth_config": [],
                "build_arg": null,
                "build_args": null,
                "build_id": "",
                "cache_from": [],
                "cgroup_parent": "",
                "context": "./backend/API_Gateway/.",
                "cpu_period": null,
                "cpu_quota": null,
                "cpu_set_cpus": "",
                "cpu_set_mems": "",
                "cpu_shares": null,
                "dockerfile": "Dockerfile",
                "extra_hosts": [],
                "force_remove": null,
                "isolation": "",
                "label": null,
                "labels": null,
                "memory": null,
                "memory_swap": null,
                "network_mode": "",
                "no_cache": true,
                "platform": "",
                "pull_parent": null,
                "remote_context": "",
                "remove": true,
                "security_opt": [],
                "session_id": "",
                "shm_size": null,
                "squash": null,
                "suppress_output": null,
                "tag": [],
                "target": "",
                "ulimit": [],
                "version": ""
              }
            ],
            "force_remove": null,
            "id": "sha256:ec260bd2d3d5ed2aa5bbf5e34633d25222729c7c9bc1782aed58dabc77467b0bus-central1-docker.pkg.dev/terraform-386117/my-docker-repository-baqalti/api-gateway:latest",
            "image_id": "sha256:ec260bd2d3d5ed2aa5bbf5e34633d25222729c7c9bc1782aed58dabc77467b0b",
            "keep_locally": null,
            "name": "us-central1-docker.pkg.dev/terraform-386117/my-docker-repository-baqalti/api-gateway:latest",
            "platform": null,
            "pull_triggers": null,
            "repo_digest": "",
            "triggers": null
          },
          "sensitive_attributes": [],
          "private": "bnVsbA=="
        }
      ]
    },
    {
      "mode": "managed",
      "type": "docker_image",
      "name": "frontend",
      "provider": "provider[\"registry.terraform.io/kreuzwerker/docker\"]",
      "instances": [
        {
          "schema_version": 0,
          "attributes": {
            "build": [
              {
                "auth_config": [],
                "build_arg": null,
                "build_args": null,
                "build_id": "",
                "cache_from": [],
                "cgroup_parent": "",
                "context": "./frontend/.",
                "cpu_period": null,
                "cpu_quota": null,
                "cpu_set_cpus": "",
                "cpu_set_mems": "",
                "cpu_shares": null,
                "dockerfile": "Dockerfile",
                "extra_hosts": [],
                "force_remove": null,
                "isolation": "",
                "label": null,
                "labels": null,
                "memory": null,
                "memory_swap": null,
                "network_mode": "",
                "no_cache": true,
                "platform": "",
                "pull_parent": null,
                "remote_context": "",
                "remove": true,
                "security_opt": [],
                "session_id": "",
                "shm_size": null,
                "squash": null,
                "suppress_output": null,
                "tag": [],
                "target": "",
                "ulimit": [],
                "version": ""
              }
            ],
            "force_remove": null,
            "id": "sha256:22d417eba0cd51dbf1debf38d14d036af26caa2c7c9a5874e30bb444e733d7a6us-central1-docker.pkg.dev/terraform-386117/my-docker-repository-baqalti/frontend:latest",
            "image_id": "sha256:22d417eba0cd51dbf1debf38d14d036af26caa2c7c9a5874e30bb444e733d7a6",
            "keep_locally": null,
            "name": "us-central1-docker.pkg.dev/terraform-386117/my-docker-repository-baqalti/frontend:latest",
            "platform": null,
            "pull_triggers": null,
            "repo_digest": "",
            "triggers": null
          },
          "sensitive_attributes": [],
          "private": "bnVsbA=="
        }
      ]
    },
    {
      "mode": "managed",
      "type": "docker_image",
      "name": "login",
      "provider": "provider[\"registry.terraform.io/kreuzwerker/docker\"]",
      "instances": [
        {
          "schema_version": 0,
          "attributes": {
            "build": [
              {
                "auth_config": [],
                "build_arg": null,
                "build_args": null,
                "build_id": "",
                "cache_from": [],
                "cgroup_parent": "",
                "context": "./backend/Microservices/Login/.",
                "cpu_period": null,
                "cpu_quota": null,
                "cpu_set_cpus": "",
                "cpu_set_mems": "",
                "cpu_shares": null,
                "dockerfile": "Dockerfile",
                "extra_hosts": [],
                "force_remove": null,
                "isolation": "",
                "label": null,
                "labels": null,
                "memory": null,
                "memory_swap": null,
                "network_mode": "",
                "no_cache": true,
                "platform": "",
                "pull_parent": null,
                "remote_context": "",
                "remove": true,
                "security_opt": [],
                "session_id": "",
                "shm_size": null,
                "squash": null,
                "suppress_output": null,
                "tag": [],
                "target": "",
                "ulimit": [],
                "version": ""
              }
            ],
            "force_remove": null,
            "id": "sha256:15389aeac9b0f5b456d70e9c20a40443f87f5d7c9e9942f0ec347d42380e9658us-central1-docker.pkg.dev/terraform-386117/my-docker-repository-baqalti/login:latest",
            "image_id": "sha256:15389aeac9b0f5b456d70e9c20a40443f87f5d7c9e9942f0ec347d42380e9658",
            "keep_locally": null,
            "name": "us-central1-docker.pkg.dev/terraform-386117/my-docker-repository-baqalti/login:latest",
            "platform": null,
            "pull_triggers": null,
            "repo_digest": "",
            "triggers": null
          },
          "sensitive_attributes": [],
          "private": "bnVsbA=="
        }
      ]
    },
    {
      "mode": "managed",
      "type": "docker_image",
      "name": "logout",
      "provider": "provider[\"registry.terraform.io/kreuzwerker/docker\"]",
      "instances": [
        {
          "schema_version": 0,
          "attributes": {
            "build": [
              {
                "auth_config": [],
                "build_arg": null,
                "build_args": null,
                "build_id": "",
                "cache_from": [],
                "cgroup_parent": "",
                "context": "./backend/Microservices/Logout/.",
                "cpu_period": null,
                "cpu_quota": null,
                "cpu_set_cpus": "",
                "cpu_set_mems": "",
                "cpu_shares": null,
                "dockerfile": "Dockerfile",
                "extra_hosts": [],
                "force_remove": null,
                "isolation": "",
                "label": null,
                "labels": null,
                "memory": null,
                "memory_swap": null,
                "network_mode": "",
                "no_cache": true,
                "platform": "",
                "pull_parent": null,
                "remote_context": "",
                "remove": true,
                "security_opt": [],
                "session_id": "",
                "shm_size": null,
                "squash": null,
                "suppress_output": null,
                "tag": [],
                "target": "",
                "ulimit": [],
                "version": ""
              }
            ],
            "force_remove": null,
            "id": "sha256:37f4780cf33971a1c622865092f7fc71c1d636ad4b9b94a8cf86def0200b2d71us-central1-docker.pkg.dev/terraform-386117/my-docker-repository-baqalti/logout:latest",
            "image_id": "sha256:37f4780cf33971a1c622865092f7fc71c1d636ad4b9b94a8cf86def0200b2d71",
            "keep_locally": null,
            "name": "us-central1-docker.pkg.dev/terraform-386117/my-docker-repository-baqalti/logout:latest",
            "platform": null,
            "pull_triggers": null,
            "repo_digest": "",
            "triggers": null
          },
          "sensitive_attributes": [],
          "private": "bnVsbA=="
        }
      ]
    },
    {
      "mode": "managed",
      "type": "docker_image",
      "name": "profile",
      "provider": "provider[\"registry.terraform.io/kreuzwerker/docker\"]",
      "instances": [
        {
          "schema_version": 0,
          "attributes": {
            "build": [
              {
                "auth_config": [],
                "build_arg": null,
                "build_args": null,
                "build_id": "",
                "cache_from": [],
                "cgroup_parent": "",
                "context": "./backend/Microservices/Profile/.",
                "cpu_period": null,
                "cpu_quota": null,
                "cpu_set_cpus": "",
                "cpu_set_mems": "",
                "cpu_shares": null,
                "dockerfile": "Dockerfile",
                "extra_hosts": [],
                "force_remove": null,
                "isolation": "",
                "label": null,
                "labels": null,
                "memory": null,
                "memory_swap": null,
                "network_mode": "",
                "no_cache": true,
                "platform": "",
                "pull_parent": null,
                "remote_context": "",
                "remove": true,
                "security_opt": [],
                "session_id": "",
                "shm_size": null,
                "squash": null,
                "suppress_output": null,
                "tag": [],
                "target": "",
                "ulimit": [],
                "version": ""
              }
            ],
            "force_remove": null,
            "id": "sha256:baa67661e8c62eae001d92ce379593cd1d54450c80565e1da5e5f078440cd5fdus-central1-docker.pkg.dev/terraform-386117/my-docker-repository-baqalti/profile:latest",
            "image_id": "sha256:baa67661e8c62eae001d92ce379593cd1d54450c80565e1da5e5f078440cd5fd",
            "keep_locally": null,
            "name": "us-central1-docker.pkg.dev/terraform-386117/my-docker-repository-baqalti/profile:latest",
            "platform": null,
            "pull_triggers": null,
            "repo_digest": "",
            "triggers": null
          },
          "sensitive_attributes": [],
          "private": "bnVsbA=="
        }
      ]
    },
    {
      "mode": "managed",
      "type": "docker_image",
      "name": "register",
      "provider": "provider[\"registry.terraform.io/kreuzwerker/docker\"]",
      "instances": [
        {
          "schema_version": 0,
          "attributes": {
            "build": [
              {
                "auth_config": [],
                "build_arg": null,
                "build_args": null,
                "build_id": "",
                "cache_from": [],
                "cgroup_parent": "",
                "context": "./backend/Microservices/Register/.",
                "cpu_period": null,
                "cpu_quota": null,
                "cpu_set_cpus": "",
                "cpu_set_mems": "",
                "cpu_shares": null,
                "dockerfile": "Dockerfile",
                "extra_hosts": [],
                "force_remove": null,
                "isolation": "",
                "label": null,
                "labels": null,
                "memory": null,
                "memory_swap": null,
                "network_mode": "",
                "no_cache": true,
                "platform": "",
                "pull_parent": null,
                "remote_context": "",
                "remove": true,
                "security_opt": [],
                "session_id": "",
                "shm_size": null,
                "squash": null,
                "suppress_output": null,
                "tag": [],
                "target": "",
                "ulimit": [],
                "version": ""
              }
            ],
            "force_remove": null,
            "id": "sha256:5669499b47630d78b96be1d7a82d151c9fd0ed644248889d17147de58eefac27us-central1-docker.pkg.dev/terraform-386117/my-docker-repository-baqalti/register:latest",
            "image_id": "sha256:5669499b47630d78b96be1d7a82d151c9fd0ed644248889d17147de58eefac27",
            "keep_locally": null,
            "name": "us-central1-docker.pkg.dev/terraform-386117/my-docker-repository-baqalti/register:latest",
            "platform": null,
            "pull_triggers": null,
            "repo_digest": "",
            "triggers": null
          },
          "sensitive_attributes": [],
          "private": "bnVsbA=="
        }
      ]
    },
    {
      "mode": "managed",
      "type": "docker_image",
      "name": "viewproducts",
      "provider": "provider[\"registry.terraform.io/kreuzwerker/docker\"]",
      "instances": [
        {
          "schema_version": 0,
          "attributes": {
            "build": [
              {
                "auth_config": [],
                "build_arg": null,
                "build_args": null,
                "build_id": "",
                "cache_from": [],
                "cgroup_parent": "",
                "context": "./backend/Microservices/ViewProducts/.",
                "cpu_period": null,
                "cpu_quota": null,
                "cpu_set_cpus": "",
                "cpu_set_mems": "",
                "cpu_shares": null,
                "dockerfile": "Dockerfile",
                "extra_hosts": [],
                "force_remove": null,
                "isolation": "",
                "label": null,
                "labels": null,
                "memory": null,
                "memory_swap": null,
                "network_mode": "",
                "no_cache": true,
                "platform": "",
                "pull_parent": null,
                "remote_context": "",
                "remove": true,
                "security_opt": [],
                "session_id": "",
                "shm_size": null,
                "squash": null,
                "suppress_output": null,
                "tag": [],
                "target": "",
                "ulimit": [],
                "version": ""
              }
            ],
            "force_remove": null,
            "id": "sha256:c1d423182124d07cbbd032b41e9ac6fa07f34873238a77e3948d6cba92c26568us-central1-docker.pkg.dev/terraform-386117/my-docker-repository-baqalti/viewproducts:latest",
            "image_id": "sha256:c1d423182124d07cbbd032b41e9ac6fa07f34873238a77e3948d6cba92c26568",
            "keep_locally": null,
            "name": "us-central1-docker.pkg.dev/terraform-386117/my-docker-repository-baqalti/viewproducts:latest",
            "platform": null,
            "pull_triggers": null,
            "repo_digest": "",
            "triggers": null
          },
          "sensitive_attributes": [],
          "private": "bnVsbA=="
        }
      ]
    },
    {
      "mode": "managed",
      "type": "docker_registry_image",
      "name": "addproducts",
      "provider": "provider[\"registry.terraform.io/kreuzwerker/docker\"]",
      "instances": [
        {
          "schema_version": 0,
          "attributes": {
            "id": "sha256:7cdee2e6c0c10b5647e2a23340840bd4e0d451bb0660f713072879db104d29b6",
            "insecure_skip_verify": false,
            "keep_remotely": true,
            "name": "us-central1-docker.pkg.dev/terraform-386117/my-docker-repository-baqalti/addproducts:latest",
            "sha256_digest": "sha256:7cdee2e6c0c10b5647e2a23340840bd4e0d451bb0660f713072879db104d29b6",
            "triggers": null
          },
          "sensitive_attributes": [],
          "private": "bnVsbA==",
          "dependencies": [
            "docker_image.addproducts",
            "google_artifact_registry_repository.main"
          ]
        }
      ]
    },
    {
      "mode": "managed",
      "type": "docker_registry_image",
      "name": "api_gateway",
      "provider": "provider[\"registry.terraform.io/kreuzwerker/docker\"]",
      "instances": [
        {
          "schema_version": 0,
          "attributes": {
            "id": "sha256:a53ecfdbab5b372b8e3cbfbb736f03ca9c849f28c62a8e4854397a602a902f4e",
            "insecure_skip_verify": false,
            "keep_remotely": true,
            "name": "us-central1-docker.pkg.dev/terraform-386117/my-docker-repository-baqalti/api-gateway:latest",
            "sha256_digest": "sha256:a53ecfdbab5b372b8e3cbfbb736f03ca9c849f28c62a8e4854397a602a902f4e",
            "triggers": null
          },
          "sensitive_attributes": [],
          "private": "bnVsbA==",
          "dependencies": [
            "docker_image.api_gateway",
            "google_artifact_registry_repository.main"
          ]
        }
      ]
    },
    {
      "mode": "managed",
      "type": "docker_registry_image",
      "name": "frontend",
      "provider": "provider[\"registry.terraform.io/kreuzwerker/docker\"]",
      "instances": [
        {
          "schema_version": 0,
          "attributes": {
            "id": "sha256:9a9aaa41f6608199d9ac10da8ba33e5ef7d74b81bc5a6eefeebde552af73892e",
            "insecure_skip_verify": false,
            "keep_remotely": true,
            "name": "us-central1-docker.pkg.dev/terraform-386117/my-docker-repository-baqalti/frontend:latest",
            "sha256_digest": "sha256:9a9aaa41f6608199d9ac10da8ba33e5ef7d74b81bc5a6eefeebde552af73892e",
            "triggers": null
          },
          "sensitive_attributes": [],
          "private": "bnVsbA==",
          "dependencies": [
            "docker_image.frontend",
            "google_artifact_registry_repository.main"
          ]
        }
      ]
    },
    {
      "mode": "managed",
      "type": "docker_registry_image",
      "name": "login",
      "provider": "provider[\"registry.terraform.io/kreuzwerker/docker\"]",
      "instances": [
        {
          "schema_version": 0,
          "attributes": {
            "id": "sha256:2644607eb952776d763a411260f18fd931256e97a7f6ca4dc9e3ba5c41f5ad33",
            "insecure_skip_verify": false,
            "keep_remotely": true,
            "name": "us-central1-docker.pkg.dev/terraform-386117/my-docker-repository-baqalti/login:latest",
            "sha256_digest": "sha256:2644607eb952776d763a411260f18fd931256e97a7f6ca4dc9e3ba5c41f5ad33",
            "triggers": null
          },
          "sensitive_attributes": [],
          "private": "bnVsbA==",
          "dependencies": [
            "docker_image.login",
            "google_artifact_registry_repository.main"
          ]
        }
      ]
    },
    {
      "mode": "managed",
      "type": "docker_registry_image",
      "name": "logout",
      "provider": "provider[\"registry.terraform.io/kreuzwerker/docker\"]",
      "instances": [
        {
          "schema_version": 0,
          "attributes": {
            "id": "sha256:de2217b880f7575f64231127f68e10206a9083d0d75d17432076c6b3a83044c5",
            "insecure_skip_verify": false,
            "keep_remotely": true,
            "name": "us-central1-docker.pkg.dev/terraform-386117/my-docker-repository-baqalti/logout:latest",
            "sha256_digest": "sha256:de2217b880f7575f64231127f68e10206a9083d0d75d17432076c6b3a83044c5",
            "triggers": null
          },
          "sensitive_attributes": [],
          "private": "bnVsbA==",
          "dependencies": [
            "docker_image.logout",
            "google_artifact_registry_repository.main"
          ]
        }
      ]
    },
    {
      "mode": "managed",
      "type": "docker_registry_image",
      "name": "profile",
      "provider": "provider[\"registry.terraform.io/kreuzwerker/docker\"]",
      "instances": [
        {
          "schema_version": 0,
          "attributes": {
            "id": "sha256:c45ee6d4d4cadb512e0f2f417caf98202c6170df8ad7a5242ce23566c348affb",
            "insecure_skip_verify": false,
            "keep_remotely": true,
            "name": "us-central1-docker.pkg.dev/terraform-386117/my-docker-repository-baqalti/profile:latest",
            "sha256_digest": "sha256:c45ee6d4d4cadb512e0f2f417caf98202c6170df8ad7a5242ce23566c348affb",
            "triggers": null
          },
          "sensitive_attributes": [],
          "private": "bnVsbA==",
          "dependencies": [
            "docker_image.profile",
            "google_artifact_registry_repository.main"
          ]
        }
      ]
    },
    {
      "mode": "managed",
      "type": "docker_registry_image",
      "name": "register",
      "provider": "provider[\"registry.terraform.io/kreuzwerker/docker\"]",
      "instances": [
        {
          "schema_version": 0,
          "attributes": {
            "id": "sha256:24925f9df2a6f91a7ca41af193c645fed2ecb872976e2efc51138f1a9e32b405",
            "insecure_skip_verify": false,
            "keep_remotely": true,
            "name": "us-central1-docker.pkg.dev/terraform-386117/my-docker-repository-baqalti/register:latest",
            "sha256_digest": "sha256:24925f9df2a6f91a7ca41af193c645fed2ecb872976e2efc51138f1a9e32b405",
            "triggers": null
          },
          "sensitive_attributes": [],
          "private": "bnVsbA==",
          "dependencies": [
            "docker_image.register",
            "google_artifact_registry_repository.main"
          ]
        }
      ]
    },
    {
      "mode": "managed",
      "type": "docker_registry_image",
      "name": "viewproducts",
      "provider": "provider[\"registry.terraform.io/kreuzwerker/docker\"]",
      "instances": [
        {
          "schema_version": 0,
          "attributes": {
            "id": "sha256:d72203d4f0522c3460b903dcb38736f371d52f79eef40a9f5e8d61230ee1ecc3",
            "insecure_skip_verify": false,
            "keep_remotely": true,
            "name": "us-central1-docker.pkg.dev/terraform-386117/my-docker-repository-baqalti/viewproducts:latest",
            "sha256_digest": "sha256:d72203d4f0522c3460b903dcb38736f371d52f79eef40a9f5e8d61230ee1ecc3",
            "triggers": null
          },
          "sensitive_attributes": [],
          "private": "bnVsbA==",
          "dependencies": [
            "docker_image.viewproducts",
            "google_artifact_registry_repository.main"
          ]
        }
      ]
    },
    {
      "mode": "managed",
      "type": "google_artifact_registry_repository",
      "name": "main",
      "provider": "provider[\"registry.terraform.io/hashicorp/google\"]",
      "instances": [
        {
          "schema_version": 0,
          "attributes": {
            "create_time": "2023-05-15T09:02:47.576205Z",
            "description": "docker repository",
            "docker_config": [],
            "format": "DOCKER",
            "id": "projects/terraform-386117/locations/us-central1/repositories/my-docker-repository-baqalti",
            "kms_key_name": "",
            "labels": null,
            "location": "us-central1",
            "maven_config": [],
            "mode": "STANDARD_REPOSITORY",
            "name": "my-docker-repository-baqalti",
            "project": "terraform-386117",
            "remote_repository_config": [],
            "repository_id": "my-docker-repository-baqalti",
            "timeouts": null,
            "update_time": "2023-05-15T09:02:47.576205Z",
            "virtual_repository_config": []
          },
          "sensitive_attributes": [],
          "private": "eyJlMmJmYjczMC1lY2FhLTExZTYtOGY4OC0zNDM2M2JjN2M0YzAiOnsiY3JlYXRlIjoxMjAwMDAwMDAwMDAwLCJkZWxldGUiOjEyMDAwMDAwMDAwMDAsInVwZGF0ZSI6MTIwMDAwMDAwMDAwMH19"
        }
      ]
    },
    {
      "mode": "managed",
      "type": "google_cloud_run_v2_service",
      "name": "addproducts",
      "provider": "provider[\"registry.terraform.io/hashicorp/google\"]",
      "instances": [
        {
          "schema_version": 0,
          "attributes": {
            "annotations": null,
            "binary_authorization": [],
            "client": "",
            "client_version": "",
            "conditions": [
              {
                "execution_reason": "",
                "last_transition_time": "2023-05-15T09:09:46.120302Z",
                "message": "",
                "reason": "",
                "revision_reason": "",
                "severity": "",
                "state": "CONDITION_SUCCEEDED",
                "type": "RoutesReady"
              },
              {
                "execution_reason": "",
                "last_transition_time": "2023-05-15T09:09:45.853359Z",
                "message": "",
                "reason": "",
                "revision_reason": "",
                "severity": "",
                "state": "CONDITION_SUCCEEDED",
                "type": "ConfigurationsReady"
              }
            ],
            "description": "",
            "etag": "\"CMvth6MGEOiG2Ro/cHJvamVjdHMvdGVycmFmb3JtLTM4NjExNy9sb2NhdGlvbnMvdXMtY2VudHJhbDEvc2VydmljZXMvYWRkcHJvZHVjdHM\"",
            "generation": "1",
            "id": "projects/terraform-386117/locations/us-central1/services/addproducts",
            "ingress": "INGRESS_TRAFFIC_ALL",
            "labels": null,
            "latest_created_revision": "projects/terraform-386117/locations/us-central1/services/addproducts/revisions/addproducts-00001-8j4",
            "latest_ready_revision": "projects/terraform-386117/locations/us-central1/services/addproducts/revisions/addproducts-00001-8j4",
            "launch_stage": "GA",
            "location": "us-central1",
            "name": "addproducts",
            "observed_generation": "1",
            "project": "terraform-386117",
            "reconciling": false,
            "template": [
              {
                "annotations": null,
                "containers": [
                  {
                    "args": null,
                    "command": null,
                    "env": [
                      {
                        "name": "MONGO_URL",
                        "value": "mongodb+srv://myapp:myapp123123@tcoc.ii33cir.mongodb.net/",
                        "value_source": []
                      },
                      {
                        "name": "SECRET",
                        "value": "SECRET",
                        "value_source": []
                      }
                    ],
                    "image": "us-central1-docker.pkg.dev/terraform-386117/my-docker-repository-baqalti/addproducts:latest",
                    "liveness_probe": [],
                    "name": "",
                    "ports": [
                      {
                        "container_port": 7005,
                        "name": "http1"
                      }
                    ],
                    "resources": [
                      {
                        "cpu_idle": true,
                        "limits": {
                          "cpu": "1000m",
                          "memory": "512Mi"
                        },
                        "startup_cpu_boost": false
                      }
                    ],
                    "startup_probe": [
                      {
                        "failure_threshold": 1,
                        "grpc": [],
                        "http_get": [],
                        "initial_delay_seconds": 0,
                        "period_seconds": 240,
                        "tcp_socket": [
                          {
                            "port": 7005
                          }
                        ],
                        "timeout_seconds": 240
                      }
                    ],
                    "volume_mounts": [],
                    "working_dir": ""
                  }
                ],
                "encryption_key": "",
                "execution_environment": "",
                "labels": null,
                "max_instance_request_concurrency": 80,
                "revision": "",
                "scaling": [
                  {
                    "max_instance_count": 3,
                    "min_instance_count": 0
                  }
                ],
                "service_account": "335386773898-compute@developer.gserviceaccount.com",
                "session_affinity": false,
                "timeout": "300s",
                "volumes": [],
                "vpc_access": []
              }
            ],
            "terminal_condition": [
              {
                "execution_reason": "",
                "last_transition_time": "2023-05-15T09:09:46.120302Z",
                "message": "",
                "reason": "",
                "revision_reason": "",
                "severity": "",
                "state": "CONDITION_SUCCEEDED",
                "type": "Ready"
              }
            ],
            "timeouts": null,
            "traffic": [
              {
                "percent": 100,
                "revision": "",
                "tag": "",
                "type": "TRAFFIC_TARGET_ALLOCATION_TYPE_LATEST"
              }
            ],
            "traffic_statuses": [
              {
                "percent": 100,
                "revision": "",
                "tag": "",
                "type": "TRAFFIC_TARGET_ALLOCATION_TYPE_LATEST",
                "uri": ""
              }
            ],
            "uid": "bb3e3fce-573e-4266-814e-3f2cca82360c",
            "uri": "https://addproducts-qf27jlndyq-uc.a.run.app"
          },
          "sensitive_attributes": [],
          "private": "eyJlMmJmYjczMC1lY2FhLTExZTYtOGY4OC0zNDM2M2JjN2M0YzAiOnsiY3JlYXRlIjoxMjAwMDAwMDAwMDAwLCJkZWxldGUiOjEyMDAwMDAwMDAwMDAsInVwZGF0ZSI6MTIwMDAwMDAwMDAwMH19",
          "dependencies": [
            "docker_image.addproducts",
            "docker_registry_image.addproducts",
            "google_artifact_registry_repository.main"
          ]
        }
      ]
    },
    {
      "mode": "managed",
      "type": "google_cloud_run_v2_service",
      "name": "api_gateway",
      "provider": "provider[\"registry.terraform.io/hashicorp/google\"]",
      "instances": [
        {
          "schema_version": 0,
          "attributes": {
            "annotations": null,
            "binary_authorization": [],
            "client": "",
            "client_version": "",
            "conditions": [
              {
                "execution_reason": "",
                "last_transition_time": "2023-05-15T09:11:27.336189Z",
                "message": "",
                "reason": "",
                "revision_reason": "",
                "severity": "",
                "state": "CONDITION_SUCCEEDED",
                "type": "RoutesReady"
              },
              {
                "execution_reason": "",
                "last_transition_time": "2023-05-15T09:11:27.104731Z",
                "message": "",
                "reason": "",
                "revision_reason": "",
                "severity": "",
                "state": "CONDITION_SUCCEEDED",
                "type": "ConfigurationsReady"
              }
            ],
            "description": "",
            "etag": "\"CLHuh6MGEMiatp0B/cHJvamVjdHMvdGVycmFmb3JtLTM4NjExNy9sb2NhdGlvbnMvdXMtY2VudHJhbDEvc2VydmljZXMvYXBpZ2F0ZXdheQ\"",
            "generation": "1",
            "id": "projects/terraform-386117/locations/us-central1/services/apigateway",
            "ingress": "INGRESS_TRAFFIC_ALL",
            "labels": null,
            "latest_created_revision": "projects/terraform-386117/locations/us-central1/services/apigateway/revisions/apigateway-00001-2tk",
            "latest_ready_revision": "projects/terraform-386117/locations/us-central1/services/apigateway/revisions/apigateway-00001-2tk",
            "launch_stage": "GA",
            "location": "us-central1",
            "name": "apigateway",
            "observed_generation": "1",
            "project": "terraform-386117",
            "reconciling": false,
            "template": [
              {
                "annotations": null,
                "containers": [
                  {
                    "args": null,
                    "command": null,
                    "env": [
                      {
                        "name": "REGISTER",
                        "value": "https://register-qf27jlndyq-uc.a.run.app",
                        "value_source": []
                      },
                      {
                        "name": "LOGIN",
                        "value": "https://login-qf27jlndyq-uc.a.run.app",
                        "value_source": []
                      },
                      {
                        "name": "LOGOUT",
                        "value": "https://logout-qf27jlndyq-uc.a.run.app",
                        "value_source": []
                      },
                      {
                        "name": "PROFILE",
                        "value": "https://profile-qf27jlndyq-uc.a.run.app",
                        "value_source": []
                      },
                      {
                        "name": "ADD",
                        "value": "https://addproducts-qf27jlndyq-uc.a.run.app",
                        "value_source": []
                      },
                      {
                        "name": "VIEW",
                        "value": "https://viewproducts-qf27jlndyq-uc.a.run.app",
                        "value_source": []
                      }
                    ],
                    "image": "us-central1-docker.pkg.dev/terraform-386117/my-docker-repository-baqalti/api-gateway:latest",
                    "liveness_probe": [],
                    "name": "",
                    "ports": [
                      {
                        "container_port": 8080,
                        "name": "http1"
                      }
                    ],
                    "resources": [
                      {
                        "cpu_idle": true,
                        "limits": {
                          "cpu": "1000m",
                          "memory": "512Mi"
                        },
                        "startup_cpu_boost": false
                      }
                    ],
                    "startup_probe": [
                      {
                        "failure_threshold": 1,
                        "grpc": [],
                        "http_get": [],
                        "initial_delay_seconds": 0,
                        "period_seconds": 240,
                        "tcp_socket": [
                          {
                            "port": 8080
                          }
                        ],
                        "timeout_seconds": 240
                      }
                    ],
                    "volume_mounts": [],
                    "working_dir": ""
                  }
                ],
                "encryption_key": "",
                "execution_environment": "",
                "labels": null,
                "max_instance_request_concurrency": 80,
                "revision": "",
                "scaling": [
                  {
                    "max_instance_count": 3,
                    "min_instance_count": 0
                  }
                ],
                "service_account": "335386773898-compute@developer.gserviceaccount.com",
                "session_affinity": false,
                "timeout": "300s",
                "volumes": [],
                "vpc_access": []
              }
            ],
            "terminal_condition": [
              {
                "execution_reason": "",
                "last_transition_time": "2023-05-15T09:11:27.336189Z",
                "message": "",
                "reason": "",
                "revision_reason": "",
                "severity": "",
                "state": "CONDITION_SUCCEEDED",
                "type": "Ready"
              }
            ],
            "timeouts": null,
            "traffic": [
              {
                "percent": 100,
                "revision": "",
                "tag": "",
                "type": "TRAFFIC_TARGET_ALLOCATION_TYPE_LATEST"
              }
            ],
            "traffic_statuses": [
              {
                "percent": 100,
                "revision": "",
                "tag": "",
                "type": "TRAFFIC_TARGET_ALLOCATION_TYPE_LATEST",
                "uri": ""
              }
            ],
            "uid": "19c68176-1ade-4920-a662-f422ce06f546",
            "uri": "https://apigateway-qf27jlndyq-uc.a.run.app"
          },
          "sensitive_attributes": [],
          "private": "eyJlMmJmYjczMC1lY2FhLTExZTYtOGY4OC0zNDM2M2JjN2M0YzAiOnsiY3JlYXRlIjoxMjAwMDAwMDAwMDAwLCJkZWxldGUiOjEyMDAwMDAwMDAwMDAsInVwZGF0ZSI6MTIwMDAwMDAwMDAwMH19",
          "dependencies": [
            "docker_image.addproducts",
            "docker_image.api_gateway",
            "docker_image.login",
            "docker_image.logout",
            "docker_image.profile",
            "docker_image.register",
            "docker_image.viewproducts",
            "docker_registry_image.addproducts",
            "docker_registry_image.api_gateway",
            "docker_registry_image.login",
            "docker_registry_image.logout",
            "docker_registry_image.profile",
            "docker_registry_image.register",
            "docker_registry_image.viewproducts",
            "google_artifact_registry_repository.main",
            "google_cloud_run_v2_service.addproducts",
            "google_cloud_run_v2_service.login",
            "google_cloud_run_v2_service.logout",
            "google_cloud_run_v2_service.profile",
            "google_cloud_run_v2_service.register",
            "google_cloud_run_v2_service.viewproducts"
          ]
        }
      ]
    },
    {
      "mode": "managed",
      "type": "google_cloud_run_v2_service",
      "name": "frontend",
      "provider": "provider[\"registry.terraform.io/hashicorp/google\"]",
      "instances": [
        {
          "schema_version": 0,
          "attributes": {
            "annotations": null,
            "binary_authorization": [],
            "client": "",
            "client_version": "",
            "conditions": [
              {
                "execution_reason": "",
                "last_transition_time": "2023-05-15T09:11:46.058443Z",
                "message": "",
                "reason": "",
                "revision_reason": "",
                "severity": "",
                "state": "CONDITION_SUCCEEDED",
                "type": "RoutesReady"
              },
              {
                "execution_reason": "",
                "last_transition_time": "2023-05-15T09:11:45.849314Z",
                "message": "",
                "reason": "",
                "revision_reason": "",
                "severity": "",
                "state": "CONDITION_SUCCEEDED",
                "type": "ConfigurationsReady"
              }
            ],
            "description": "",
            "etag": "\"CMjuh6MGEMDy3scB/cHJvamVjdHMvdGVycmFmb3JtLTM4NjExNy9sb2NhdGlvbnMvdXMtY2VudHJhbDEvc2VydmljZXMvZnJvbnRlbmQ\"",
            "generation": "1",
            "id": "projects/terraform-386117/locations/us-central1/services/frontend",
            "ingress": "INGRESS_TRAFFIC_ALL",
            "labels": null,
            "latest_created_revision": "projects/terraform-386117/locations/us-central1/services/frontend/revisions/frontend-00001-6ql",
            "latest_ready_revision": "projects/terraform-386117/locations/us-central1/services/frontend/revisions/frontend-00001-6ql",
            "launch_stage": "GA",
            "location": "us-central1",
            "name": "frontend",
            "observed_generation": "1",
            "project": "terraform-386117",
            "reconciling": false,
            "template": [
              {
                "annotations": null,
                "containers": [
                  {
                    "args": null,
                    "command": null,
                    "env": [
                      {
                        "name": "VITE_URL",
                        "value": "https://apigateway-qf27jlndyq-uc.a.run.app",
                        "value_source": []
                      }
                    ],
                    "image": "us-central1-docker.pkg.dev/terraform-386117/my-docker-repository-baqalti/frontend:latest",
                    "liveness_probe": [],
                    "name": "",
                    "ports": [
                      {
                        "container_port": 3000,
                        "name": "http1"
                      }
                    ],
                    "resources": [
                      {
                        "cpu_idle": true,
                        "limits": {
                          "cpu": "1000m",
                          "memory": "512Mi"
                        },
                        "startup_cpu_boost": false
                      }
                    ],
                    "startup_probe": [
                      {
                        "failure_threshold": 1,
                        "grpc": [],
                        "http_get": [],
                        "initial_delay_seconds": 0,
                        "period_seconds": 240,
                        "tcp_socket": [
                          {
                            "port": 3000
                          }
                        ],
                        "timeout_seconds": 240
                      }
                    ],
                    "volume_mounts": [],
                    "working_dir": ""
                  }
                ],
                "encryption_key": "",
                "execution_environment": "",
                "labels": null,
                "max_instance_request_concurrency": 80,
                "revision": "",
                "scaling": [
                  {
                    "max_instance_count": 3,
                    "min_instance_count": 0
                  }
                ],
                "service_account": "335386773898-compute@developer.gserviceaccount.com",
                "session_affinity": false,
                "timeout": "300s",
                "volumes": [],
                "vpc_access": []
              }
            ],
            "terminal_condition": [
              {
                "execution_reason": "",
                "last_transition_time": "2023-05-15T09:11:46.058443Z",
                "message": "",
                "reason": "",
                "revision_reason": "",
                "severity": "",
                "state": "CONDITION_SUCCEEDED",
                "type": "Ready"
              }
            ],
            "timeouts": null,
            "traffic": [
              {
                "percent": 100,
                "revision": "",
                "tag": "",
                "type": "TRAFFIC_TARGET_ALLOCATION_TYPE_LATEST"
              }
            ],
            "traffic_statuses": [
              {
                "percent": 100,
                "revision": "",
                "tag": "",
                "type": "TRAFFIC_TARGET_ALLOCATION_TYPE_LATEST",
                "uri": ""
              }
            ],
            "uid": "511b59ed-5379-48c3-aaca-2cf11a873df3",
            "uri": "https://frontend-qf27jlndyq-uc.a.run.app"
          },
          "sensitive_attributes": [],
          "private": "eyJlMmJmYjczMC1lY2FhLTExZTYtOGY4OC0zNDM2M2JjN2M0YzAiOnsiY3JlYXRlIjoxMjAwMDAwMDAwMDAwLCJkZWxldGUiOjEyMDAwMDAwMDAwMDAsInVwZGF0ZSI6MTIwMDAwMDAwMDAwMH19",
          "dependencies": [
            "docker_image.addproducts",
            "docker_image.api_gateway",
            "docker_image.frontend",
            "docker_image.login",
            "docker_image.logout",
            "docker_image.profile",
            "docker_image.register",
            "docker_image.viewproducts",
            "docker_registry_image.addproducts",
            "docker_registry_image.api_gateway",
            "docker_registry_image.frontend",
            "docker_registry_image.login",
            "docker_registry_image.logout",
            "docker_registry_image.profile",
            "docker_registry_image.register",
            "docker_registry_image.viewproducts",
            "google_artifact_registry_repository.main",
            "google_cloud_run_v2_service.addproducts",
            "google_cloud_run_v2_service.api_gateway",
            "google_cloud_run_v2_service.login",
            "google_cloud_run_v2_service.logout",
            "google_cloud_run_v2_service.profile",
            "google_cloud_run_v2_service.register",
            "google_cloud_run_v2_service.viewproducts"
          ]
        }
      ]
    },
    {
      "mode": "managed",
      "type": "google_cloud_run_v2_service",
      "name": "login",
      "provider": "provider[\"registry.terraform.io/hashicorp/google\"]",
      "instances": [
        {
          "schema_version": 0,
          "attributes": {
            "annotations": null,
            "binary_authorization": [],
            "client": "",
            "client_version": "",
            "conditions": [
              {
                "execution_reason": "",
                "last_transition_time": "2023-05-15T09:10:19.947318Z",
                "message": "",
                "reason": "",
                "revision_reason": "",
                "severity": "",
                "state": "CONDITION_SUCCEEDED",
                "type": "RoutesReady"
              },
              {
                "execution_reason": "",
                "last_transition_time": "2023-05-15T09:10:19.662874Z",
                "message": "",
                "reason": "",
                "revision_reason": "",
                "severity": "",
                "state": "CONDITION_SUCCEEDED",
                "type": "ConfigurationsReady"
              }
            ],
            "description": "",
            "etag": "\"CO_th6MGEJC37J4C/cHJvamVjdHMvdGVycmFmb3JtLTM4NjExNy9sb2NhdGlvbnMvdXMtY2VudHJhbDEvc2VydmljZXMvbG9naW4\"",
            "generation": "1",
            "id": "projects/terraform-386117/locations/us-central1/services/login",
            "ingress": "INGRESS_TRAFFIC_ALL",
            "labels": null,
            "latest_created_revision": "projects/terraform-386117/locations/us-central1/services/login/revisions/login-00001-gss",
            "latest_ready_revision": "projects/terraform-386117/locations/us-central1/services/login/revisions/login-00001-gss",
            "launch_stage": "GA",
            "location": "us-central1",
            "name": "login",
            "observed_generation": "1",
            "project": "terraform-386117",
            "reconciling": false,
            "template": [
              {
                "annotations": null,
                "containers": [
                  {
                    "args": null,
                    "command": null,
                    "env": [
                      {
                        "name": "MONGO_URL",
                        "value": "mongodb+srv://myapp:myapp123123@tcoc.ii33cir.mongodb.net/",
                        "value_source": []
                      },
                      {
                        "name": "SECRET",
                        "value": "SECRET",
                        "value_source": []
                      }
                    ],
                    "image": "us-central1-docker.pkg.dev/terraform-386117/my-docker-repository-baqalti/login:latest",
                    "liveness_probe": [],
                    "name": "",
                    "ports": [
                      {
                        "container_port": 7002,
                        "name": "http1"
                      }
                    ],
                    "resources": [
                      {
                        "cpu_idle": true,
                        "limits": {
                          "cpu": "1000m",
                          "memory": "512Mi"
                        },
                        "startup_cpu_boost": false
                      }
                    ],
                    "startup_probe": [
                      {
                        "failure_threshold": 1,
                        "grpc": [],
                        "http_get": [],
                        "initial_delay_seconds": 0,
                        "period_seconds": 240,
                        "tcp_socket": [
                          {
                            "port": 7002
                          }
                        ],
                        "timeout_seconds": 240
                      }
                    ],
                    "volume_mounts": [],
                    "working_dir": ""
                  }
                ],
                "encryption_key": "",
                "execution_environment": "",
                "labels": null,
                "max_instance_request_concurrency": 80,
                "revision": "",
                "scaling": [
                  {
                    "max_instance_count": 3,
                    "min_instance_count": 0
                  }
                ],
                "service_account": "335386773898-compute@developer.gserviceaccount.com",
                "session_affinity": false,
                "timeout": "300s",
                "volumes": [],
                "vpc_access": []
              }
            ],
            "terminal_condition": [
              {
                "execution_reason": "",
                "last_transition_time": "2023-05-15T09:10:19.947318Z",
                "message": "",
                "reason": "",
                "revision_reason": "",
                "severity": "",
                "state": "CONDITION_SUCCEEDED",
                "type": "Ready"
              }
            ],
            "timeouts": null,
            "traffic": [
              {
                "percent": 100,
                "revision": "",
                "tag": "",
                "type": "TRAFFIC_TARGET_ALLOCATION_TYPE_LATEST"
              }
            ],
            "traffic_statuses": [
              {
                "percent": 100,
                "revision": "",
                "tag": "",
                "type": "TRAFFIC_TARGET_ALLOCATION_TYPE_LATEST",
                "uri": ""
              }
            ],
            "uid": "1b88bd63-d7d0-4787-9603-f665eab23ab8",
            "uri": "https://login-qf27jlndyq-uc.a.run.app"
          },
          "sensitive_attributes": [],
          "private": "eyJlMmJmYjczMC1lY2FhLTExZTYtOGY4OC0zNDM2M2JjN2M0YzAiOnsiY3JlYXRlIjoxMjAwMDAwMDAwMDAwLCJkZWxldGUiOjEyMDAwMDAwMDAwMDAsInVwZGF0ZSI6MTIwMDAwMDAwMDAwMH19",
          "dependencies": [
            "docker_image.login",
            "docker_registry_image.login",
            "google_artifact_registry_repository.main"
          ]
        }
      ]
    },
    {
      "mode": "managed",
      "type": "google_cloud_run_v2_service",
      "name": "logout",
      "provider": "provider[\"registry.terraform.io/hashicorp/google\"]",
      "instances": [
        {
          "schema_version": 0,
          "attributes": {
            "annotations": null,
            "binary_authorization": [],
            "client": "",
            "client_version": "",
            "conditions": [
              {
                "execution_reason": "",
                "last_transition_time": "2023-05-15T09:08:41.785959Z",
                "message": "",
                "reason": "",
                "revision_reason": "",
                "severity": "",
                "state": "CONDITION_SUCCEEDED",
                "type": "RoutesReady"
              },
              {
                "execution_reason": "",
                "last_transition_time": "2023-05-15T09:08:41.525279Z",
                "message": "",
                "reason": "",
                "revision_reason": "",
                "severity": "",
                "state": "CONDITION_SUCCEEDED",
                "type": "ConfigurationsReady"
              }
            ],
            "description": "",
            "etag": "\"CJXth6MGEIC8r7oB/cHJvamVjdHMvdGVycmFmb3JtLTM4NjExNy9sb2NhdGlvbnMvdXMtY2VudHJhbDEvc2VydmljZXMvbG9nb3V0\"",
            "generation": "1",
            "id": "projects/terraform-386117/locations/us-central1/services/logout",
            "ingress": "INGRESS_TRAFFIC_ALL",
            "labels": null,
            "latest_created_revision": "projects/terraform-386117/locations/us-central1/services/logout/revisions/logout-00001-2l2",
            "latest_ready_revision": "projects/terraform-386117/locations/us-central1/services/logout/revisions/logout-00001-2l2",
            "launch_stage": "GA",
            "location": "us-central1",
            "name": "logout",
            "observed_generation": "1",
            "project": "terraform-386117",
            "reconciling": false,
            "template": [
              {
                "annotations": null,
                "containers": [
                  {
                    "args": null,
                    "command": null,
                    "env": [],
                    "image": "us-central1-docker.pkg.dev/terraform-386117/my-docker-repository-baqalti/logout:latest",
                    "liveness_probe": [],
                    "name": "",
                    "ports": [
                      {
                        "container_port": 7004,
                        "name": "http1"
                      }
                    ],
                    "resources": [
                      {
                        "cpu_idle": true,
                        "limits": {
                          "cpu": "1000m",
                          "memory": "512Mi"
                        },
                        "startup_cpu_boost": false
                      }
                    ],
                    "startup_probe": [
                      {
                        "failure_threshold": 1,
                        "grpc": [],
                        "http_get": [],
                        "initial_delay_seconds": 0,
                        "period_seconds": 240,
                        "tcp_socket": [
                          {
                            "port": 7004
                          }
                        ],
                        "timeout_seconds": 240
                      }
                    ],
                    "volume_mounts": [],
                    "working_dir": ""
                  }
                ],
                "encryption_key": "",
                "execution_environment": "",
                "labels": null,
                "max_instance_request_concurrency": 80,
                "revision": "",
                "scaling": [
                  {
                    "max_instance_count": 3,
                    "min_instance_count": 0
                  }
                ],
                "service_account": "335386773898-compute@developer.gserviceaccount.com",
                "session_affinity": false,
                "timeout": "300s",
                "volumes": [],
                "vpc_access": []
              }
            ],
            "terminal_condition": [
              {
                "execution_reason": "",
                "last_transition_time": "2023-05-15T09:08:41.785959Z",
                "message": "",
                "reason": "",
                "revision_reason": "",
                "severity": "",
                "state": "CONDITION_SUCCEEDED",
                "type": "Ready"
              }
            ],
            "timeouts": null,
            "traffic": [
              {
                "percent": 100,
                "revision": "",
                "tag": "",
                "type": "TRAFFIC_TARGET_ALLOCATION_TYPE_LATEST"
              }
            ],
            "traffic_statuses": [
              {
                "percent": 100,
                "revision": "",
                "tag": "",
                "type": "TRAFFIC_TARGET_ALLOCATION_TYPE_LATEST",
                "uri": ""
              }
            ],
            "uid": "e0faf7c6-560a-4799-a9ee-a24e041b1add",
            "uri": "https://logout-qf27jlndyq-uc.a.run.app"
          },
          "sensitive_attributes": [],
          "private": "eyJlMmJmYjczMC1lY2FhLTExZTYtOGY4OC0zNDM2M2JjN2M0YzAiOnsiY3JlYXRlIjoxMjAwMDAwMDAwMDAwLCJkZWxldGUiOjEyMDAwMDAwMDAwMDAsInVwZGF0ZSI6MTIwMDAwMDAwMDAwMH19",
          "dependencies": [
            "docker_image.logout",
            "docker_registry_image.logout",
            "google_artifact_registry_repository.main"
          ]
        }
      ]
    },
    {
      "mode": "managed",
      "type": "google_cloud_run_v2_service",
      "name": "profile",
      "provider": "provider[\"registry.terraform.io/hashicorp/google\"]",
      "instances": [
        {
          "schema_version": 0,
          "attributes": {
            "annotations": null,
            "binary_authorization": [],
            "client": "",
            "client_version": "",
            "conditions": [
              {
                "execution_reason": "",
                "last_transition_time": "2023-05-15T09:11:06.259033Z",
                "message": "",
                "reason": "",
                "revision_reason": "",
                "severity": "",
                "state": "CONDITION_SUCCEEDED",
                "type": "RoutesReady"
              },
              {
                "execution_reason": "",
                "last_transition_time": "2023-05-15T09:11:06.136293Z",
                "message": "",
                "reason": "",
                "revision_reason": "",
                "severity": "",
                "state": "CONDITION_SUCCEEDED",
                "type": "ConfigurationsReady"
              }
            ],
            "description": "",
            "etag": "\"CKPuh6MGEJjOqcED/cHJvamVjdHMvdGVycmFmb3JtLTM4NjExNy9sb2NhdGlvbnMvdXMtY2VudHJhbDEvc2VydmljZXMvcHJvZmlsZQ\"",
            "generation": "1",
            "id": "projects/terraform-386117/locations/us-central1/services/profile",
            "ingress": "INGRESS_TRAFFIC_ALL",
            "labels": null,
            "latest_created_revision": "projects/terraform-386117/locations/us-central1/services/profile/revisions/profile-00001-pd6",
            "latest_ready_revision": "projects/terraform-386117/locations/us-central1/services/profile/revisions/profile-00001-pd6",
            "launch_stage": "GA",
            "location": "us-central1",
            "name": "profile",
            "observed_generation": "1",
            "project": "terraform-386117",
            "reconciling": false,
            "template": [
              {
                "annotations": null,
                "containers": [
                  {
                    "args": null,
                    "command": null,
                    "env": [
                      {
                        "name": "MONGO_URL",
                        "value": "mongodb+srv://myapp:myapp123123@tcoc.ii33cir.mongodb.net/",
                        "value_source": []
                      },
                      {
                        "name": "SECRET",
                        "value": "SECRET",
                        "value_source": []
                      }
                    ],
                    "image": "us-central1-docker.pkg.dev/terraform-386117/my-docker-repository-baqalti/profile:latest",
                    "liveness_probe": [],
                    "name": "",
                    "ports": [
                      {
                        "container_port": 7003,
                        "name": "http1"
                      }
                    ],
                    "resources": [
                      {
                        "cpu_idle": true,
                        "limits": {
                          "cpu": "1000m",
                          "memory": "512Mi"
                        },
                        "startup_cpu_boost": false
                      }
                    ],
                    "startup_probe": [
                      {
                        "failure_threshold": 1,
                        "grpc": [],
                        "http_get": [],
                        "initial_delay_seconds": 0,
                        "period_seconds": 240,
                        "tcp_socket": [
                          {
                            "port": 7003
                          }
                        ],
                        "timeout_seconds": 240
                      }
                    ],
                    "volume_mounts": [],
                    "working_dir": ""
                  }
                ],
                "encryption_key": "",
                "execution_environment": "",
                "labels": null,
                "max_instance_request_concurrency": 80,
                "revision": "",
                "scaling": [
                  {
                    "max_instance_count": 3,
                    "min_instance_count": 0
                  }
                ],
                "service_account": "335386773898-compute@developer.gserviceaccount.com",
                "session_affinity": false,
                "timeout": "300s",
                "volumes": [],
                "vpc_access": []
              }
            ],
            "terminal_condition": [
              {
                "execution_reason": "",
                "last_transition_time": "2023-05-15T09:11:06.259033Z",
                "message": "",
                "reason": "",
                "revision_reason": "",
                "severity": "",
                "state": "CONDITION_SUCCEEDED",
                "type": "Ready"
              }
            ],
            "timeouts": null,
            "traffic": [
              {
                "percent": 100,
                "revision": "",
                "tag": "",
                "type": "TRAFFIC_TARGET_ALLOCATION_TYPE_LATEST"
              }
            ],
            "traffic_statuses": [
              {
                "percent": 100,
                "revision": "",
                "tag": "",
                "type": "TRAFFIC_TARGET_ALLOCATION_TYPE_LATEST",
                "uri": ""
              }
            ],
            "uid": "dbabb068-a28b-4f88-af81-6bee62f86b35",
            "uri": "https://profile-qf27jlndyq-uc.a.run.app"
          },
          "sensitive_attributes": [],
          "private": "eyJlMmJmYjczMC1lY2FhLTExZTYtOGY4OC0zNDM2M2JjN2M0YzAiOnsiY3JlYXRlIjoxMjAwMDAwMDAwMDAwLCJkZWxldGUiOjEyMDAwMDAwMDAwMDAsInVwZGF0ZSI6MTIwMDAwMDAwMDAwMH19",
          "dependencies": [
            "docker_image.profile",
            "docker_registry_image.profile",
            "google_artifact_registry_repository.main"
          ]
        }
      ]
    },
    {
      "mode": "managed",
      "type": "google_cloud_run_v2_service",
      "name": "register",
      "provider": "provider[\"registry.terraform.io/hashicorp/google\"]",
      "instances": [
        {
          "schema_version": 0,
          "attributes": {
            "annotations": null,
            "binary_authorization": [],
            "client": "",
            "client_version": "",
            "conditions": [
              {
                "execution_reason": "",
                "last_transition_time": "2023-05-15T09:10:23.154316Z",
                "message": "",
                "reason": "",
                "revision_reason": "",
                "severity": "",
                "state": "CONDITION_SUCCEEDED",
                "type": "RoutesReady"
              },
              {
                "execution_reason": "",
                "last_transition_time": "2023-05-15T09:10:22.964931Z",
                "message": "",
                "reason": "",
                "revision_reason": "",
                "severity": "",
                "state": "CONDITION_SUCCEEDED",
                "type": "ConfigurationsReady"
              }
            ],
            "description": "",
            "etag": "\"CPrth6MGEPDw1YAC/cHJvamVjdHMvdGVycmFmb3JtLTM4NjExNy9sb2NhdGlvbnMvdXMtY2VudHJhbDEvc2VydmljZXMvcmVnaXN0ZXI\"",
            "generation": "1",
            "id": "projects/terraform-386117/locations/us-central1/services/register",
            "ingress": "INGRESS_TRAFFIC_ALL",
            "labels": null,
            "latest_created_revision": "projects/terraform-386117/locations/us-central1/services/register/revisions/register-00001-n49",
            "latest_ready_revision": "projects/terraform-386117/locations/us-central1/services/register/revisions/register-00001-n49",
            "launch_stage": "GA",
            "location": "us-central1",
            "name": "register",
            "observed_generation": "1",
            "project": "terraform-386117",
            "reconciling": false,
            "template": [
              {
                "annotations": null,
                "containers": [
                  {
                    "args": null,
                    "command": null,
                    "env": [
                      {
                        "name": "MONGO_URL",
                        "value": "mongodb+srv://myapp:myapp123123@tcoc.ii33cir.mongodb.net/",
                        "value_source": []
                      }
                    ],
                    "image": "us-central1-docker.pkg.dev/terraform-386117/my-docker-repository-baqalti/register:latest",
                    "liveness_probe": [],
                    "name": "",
                    "ports": [
                      {
                        "container_port": 7001,
                        "name": "http1"
                      }
                    ],
                    "resources": [
                      {
                        "cpu_idle": true,
                        "limits": {
                          "cpu": "1000m",
                          "memory": "512Mi"
                        },
                        "startup_cpu_boost": false
                      }
                    ],
                    "startup_probe": [
                      {
                        "failure_threshold": 1,
                        "grpc": [],
                        "http_get": [],
                        "initial_delay_seconds": 0,
                        "period_seconds": 240,
                        "tcp_socket": [
                          {
                            "port": 7001
                          }
                        ],
                        "timeout_seconds": 240
                      }
                    ],
                    "volume_mounts": [],
                    "working_dir": ""
                  }
                ],
                "encryption_key": "",
                "execution_environment": "",
                "labels": null,
                "max_instance_request_concurrency": 80,
                "revision": "",
                "scaling": [
                  {
                    "max_instance_count": 3,
                    "min_instance_count": 0
                  }
                ],
                "service_account": "335386773898-compute@developer.gserviceaccount.com",
                "session_affinity": false,
                "timeout": "300s",
                "volumes": [],
                "vpc_access": []
              }
            ],
            "terminal_condition": [
              {
                "execution_reason": "",
                "last_transition_time": "2023-05-15T09:10:23.154316Z",
                "message": "",
                "reason": "",
                "revision_reason": "",
                "severity": "",
                "state": "CONDITION_SUCCEEDED",
                "type": "Ready"
              }
            ],
            "timeouts": null,
            "traffic": [
              {
                "percent": 100,
                "revision": "",
                "tag": "",
                "type": "TRAFFIC_TARGET_ALLOCATION_TYPE_LATEST"
              }
            ],
            "traffic_statuses": [
              {
                "percent": 100,
                "revision": "",
                "tag": "",
                "type": "TRAFFIC_TARGET_ALLOCATION_TYPE_LATEST",
                "uri": ""
              }
            ],
            "uid": "8d642fab-6690-44b5-a3da-5e0f93dbf774",
            "uri": "https://register-qf27jlndyq-uc.a.run.app"
          },
          "sensitive_attributes": [],
          "private": "eyJlMmJmYjczMC1lY2FhLTExZTYtOGY4OC0zNDM2M2JjN2M0YzAiOnsiY3JlYXRlIjoxMjAwMDAwMDAwMDAwLCJkZWxldGUiOjEyMDAwMDAwMDAwMDAsInVwZGF0ZSI6MTIwMDAwMDAwMDAwMH19",
          "dependencies": [
            "docker_image.register",
            "docker_registry_image.register",
            "google_artifact_registry_repository.main"
          ]
        }
      ]
    },
    {
      "mode": "managed",
      "type": "google_cloud_run_v2_service",
      "name": "viewproducts",
      "provider": "provider[\"registry.terraform.io/hashicorp/google\"]",
      "instances": [
        {
          "schema_version": 0,
          "attributes": {
            "annotations": null,
            "binary_authorization": [],
            "client": "",
            "client_version": "",
            "conditions": [
              {
                "execution_reason": "",
                "last_transition_time": "2023-05-15T09:09:32.384632Z",
                "message": "",
                "reason": "",
                "revision_reason": "",
                "severity": "",
                "state": "CONDITION_SUCCEEDED",
                "type": "RoutesReady"
              },
              {
                "execution_reason": "",
                "last_transition_time": "2023-05-15T09:09:32.143309Z",
                "message": "",
                "reason": "",
                "revision_reason": "",
                "severity": "",
                "state": "CONDITION_SUCCEEDED",
                "type": "ConfigurationsReady"
              }
            ],
            "description": "",
            "etag": "\"CMfth6MGEMjM25kB/cHJvamVjdHMvdGVycmFmb3JtLTM4NjExNy9sb2NhdGlvbnMvdXMtY2VudHJhbDEvc2VydmljZXMvdmlld3Byb2R1Y3Rz\"",
            "generation": "1",
            "id": "projects/terraform-386117/locations/us-central1/services/viewproducts",
            "ingress": "INGRESS_TRAFFIC_ALL",
            "labels": null,
            "latest_created_revision": "projects/terraform-386117/locations/us-central1/services/viewproducts/revisions/viewproducts-00001-4mb",
            "latest_ready_revision": "projects/terraform-386117/locations/us-central1/services/viewproducts/revisions/viewproducts-00001-4mb",
            "launch_stage": "GA",
            "location": "us-central1",
            "name": "viewproducts",
            "observed_generation": "1",
            "project": "terraform-386117",
            "reconciling": false,
            "template": [
              {
                "annotations": null,
                "containers": [
                  {
                    "args": null,
                    "command": null,
                    "env": [
                      {
                        "name": "MONGO_URL",
                        "value": "mongodb+srv://myapp:myapp123123@tcoc.ii33cir.mongodb.net/",
                        "value_source": []
                      }
                    ],
                    "image": "us-central1-docker.pkg.dev/terraform-386117/my-docker-repository-baqalti/viewproducts:latest",
                    "liveness_probe": [],
                    "name": "",
                    "ports": [
                      {
                        "container_port": 7006,
                        "name": "http1"
                      }
                    ],
                    "resources": [
                      {
                        "cpu_idle": true,
                        "limits": {
                          "cpu": "1000m",
                          "memory": "512Mi"
                        },
                        "startup_cpu_boost": false
                      }
                    ],
                    "startup_probe": [
                      {
                        "failure_threshold": 1,
                        "grpc": [],
                        "http_get": [],
                        "initial_delay_seconds": 0,
                        "period_seconds": 240,
                        "tcp_socket": [
                          {
                            "port": 7006
                          }
                        ],
                        "timeout_seconds": 240
                      }
                    ],
                    "volume_mounts": [],
                    "working_dir": ""
                  }
                ],
                "encryption_key": "",
                "execution_environment": "",
                "labels": null,
                "max_instance_request_concurrency": 80,
                "revision": "",
                "scaling": [
                  {
                    "max_instance_count": 3,
                    "min_instance_count": 0
                  }
                ],
                "service_account": "335386773898-compute@developer.gserviceaccount.com",
                "session_affinity": false,
                "timeout": "300s",
                "volumes": [],
                "vpc_access": []
              }
            ],
            "terminal_condition": [
              {
                "execution_reason": "",
                "last_transition_time": "2023-05-15T09:09:32.384632Z",
                "message": "",
                "reason": "",
                "revision_reason": "",
                "severity": "",
                "state": "CONDITION_SUCCEEDED",
                "type": "Ready"
              }
            ],
            "timeouts": null,
            "traffic": [
              {
                "percent": 100,
                "revision": "",
                "tag": "",
                "type": "TRAFFIC_TARGET_ALLOCATION_TYPE_LATEST"
              }
            ],
            "traffic_statuses": [
              {
                "percent": 100,
                "revision": "",
                "tag": "",
                "type": "TRAFFIC_TARGET_ALLOCATION_TYPE_LATEST",
                "uri": ""
              }
            ],
            "uid": "68275bf6-e430-4018-9414-f74957e157ef",
            "uri": "https://viewproducts-qf27jlndyq-uc.a.run.app"
          },
          "sensitive_attributes": [],
          "private": "eyJlMmJmYjczMC1lY2FhLTExZTYtOGY4OC0zNDM2M2JjN2M0YzAiOnsiY3JlYXRlIjoxMjAwMDAwMDAwMDAwLCJkZWxldGUiOjEyMDAwMDAwMDAwMDAsInVwZGF0ZSI6MTIwMDAwMDAwMDAwMH19",
          "dependencies": [
            "docker_image.viewproducts",
            "docker_registry_image.viewproducts",
            "google_artifact_registry_repository.main"
          ]
        }
      ]
    },
    {
      "mode": "managed",
      "type": "google_cloud_run_v2_service_iam_policy",
      "name": "addproducts",
      "provider": "provider[\"registry.terraform.io/hashicorp/google\"]",
      "instances": [
        {
          "schema_version": 0,
          "attributes": {
            "etag": "BwX7t9GRxkQ=",
            "id": "projects/terraform-386117/locations/us-central1/services/addproducts",
            "location": "us-central1",
            "name": "projects/terraform-386117/locations/us-central1/services/addproducts",
            "policy_data": "{\"bindings\":[{\"members\":[\"allUsers\"],\"role\":\"roles/run.invoker\"}]}",
            "project": "terraform-386117"
          },
          "sensitive_attributes": [],
          "private": "bnVsbA==",
          "dependencies": [
            "data.google_iam_policy.addproducts",
            "docker_image.addproducts",
            "docker_registry_image.addproducts",
            "google_artifact_registry_repository.main",
            "google_cloud_run_v2_service.addproducts"
          ]
        }
      ]
    },
    {
      "mode": "managed",
      "type": "google_cloud_run_v2_service_iam_policy",
      "name": "api_gateway",
      "provider": "provider[\"registry.terraform.io/hashicorp/google\"]",
      "instances": [
        {
          "schema_version": 0,
          "attributes": {
            "etag": "BwX7t9d881M=",
            "id": "projects/terraform-386117/locations/us-central1/services/apigateway",
            "location": "us-central1",
            "name": "projects/terraform-386117/locations/us-central1/services/apigateway",
            "policy_data": "{\"bindings\":[{\"members\":[\"allUsers\"],\"role\":\"roles/run.invoker\"}]}",
            "project": "terraform-386117"
          },
          "sensitive_attributes": [],
          "private": "bnVsbA==",
          "dependencies": [
            "data.google_iam_policy.api_gateway",
            "docker_image.addproducts",
            "docker_image.api_gateway",
            "docker_image.login",
            "docker_image.logout",
            "docker_image.profile",
            "docker_image.register",
            "docker_image.viewproducts",
            "docker_registry_image.addproducts",
            "docker_registry_image.api_gateway",
            "docker_registry_image.login",
            "docker_registry_image.logout",
            "docker_registry_image.profile",
            "docker_registry_image.register",
            "docker_registry_image.viewproducts",
            "google_artifact_registry_repository.main",
            "google_cloud_run_v2_service.addproducts",
            "google_cloud_run_v2_service.api_gateway",
            "google_cloud_run_v2_service.login",
            "google_cloud_run_v2_service.logout",
            "google_cloud_run_v2_service.profile",
            "google_cloud_run_v2_service.register",
            "google_cloud_run_v2_service.viewproducts"
          ]
        }
      ]
    },
    {
      "mode": "managed",
      "type": "google_cloud_run_v2_service_iam_policy",
      "name": "frontend",
      "provider": "provider[\"registry.terraform.io/hashicorp/google\"]",
      "instances": [
        {
          "schema_version": 0,
          "attributes": {
            "etag": "BwX7t9hH8Ko=",
            "id": "projects/terraform-386117/locations/us-central1/services/frontend",
            "location": "us-central1",
            "name": "projects/terraform-386117/locations/us-central1/services/frontend",
            "policy_data": "{\"bindings\":[{\"members\":[\"allUsers\"],\"role\":\"roles/run.invoker\"}]}",
            "project": "terraform-386117"
          },
          "sensitive_attributes": [],
          "private": "bnVsbA==",
          "dependencies": [
            "data.google_iam_policy.frontend",
            "docker_image.addproducts",
            "docker_image.api_gateway",
            "docker_image.frontend",
            "docker_image.login",
            "docker_image.logout",
            "docker_image.profile",
            "docker_image.register",
            "docker_image.viewproducts",
            "docker_registry_image.addproducts",
            "docker_registry_image.api_gateway",
            "docker_registry_image.frontend",
            "docker_registry_image.login",
            "docker_registry_image.logout",
            "docker_registry_image.profile",
            "docker_registry_image.register",
            "docker_registry_image.viewproducts",
            "google_artifact_registry_repository.main",
            "google_cloud_run_v2_service.addproducts",
            "google_cloud_run_v2_service.api_gateway",
            "google_cloud_run_v2_service.frontend",
            "google_cloud_run_v2_service.login",
            "google_cloud_run_v2_service.logout",
            "google_cloud_run_v2_service.profile",
            "google_cloud_run_v2_service.register",
            "google_cloud_run_v2_service.viewproducts"
          ]
        }
      ]
    },
    {
      "mode": "managed",
      "type": "google_cloud_run_v2_service_iam_policy",
      "name": "login",
      "provider": "provider[\"registry.terraform.io/hashicorp/google\"]",
      "instances": [
        {
          "schema_version": 0,
          "attributes": {
            "etag": "BwX7t9MUDIg=",
            "id": "projects/terraform-386117/locations/us-central1/services/login",
            "location": "us-central1",
            "name": "projects/terraform-386117/locations/us-central1/services/login",
            "policy_data": "{\"bindings\":[{\"members\":[\"allUsers\"],\"role\":\"roles/run.invoker\"}]}",
            "project": "terraform-386117"
          },
          "sensitive_attributes": [],
          "private": "bnVsbA==",
          "dependencies": [
            "data.google_iam_policy.login",
            "docker_image.login",
            "docker_registry_image.login",
            "google_artifact_registry_repository.main",
            "google_cloud_run_v2_service.login"
          ]
        }
      ]
    },
    {
      "mode": "managed",
      "type": "google_cloud_run_v2_service_iam_policy",
      "name": "logout",
      "provider": "provider[\"registry.terraform.io/hashicorp/google\"]",
      "instances": [
        {
          "schema_version": 0,
          "attributes": {
            "etag": "BwX7t824Ijk=",
            "id": "projects/terraform-386117/locations/us-central1/services/logout",
            "location": "us-central1",
            "name": "projects/terraform-386117/locations/us-central1/services/logout",
            "policy_data": "{\"bindings\":[{\"members\":[\"allUsers\"],\"role\":\"roles/run.invoker\"}]}",
            "project": "terraform-386117"
          },
          "sensitive_attributes": [],
          "private": "bnVsbA==",
          "dependencies": [
            "data.google_iam_policy.logout",
            "docker_image.logout",
            "docker_registry_image.logout",
            "google_artifact_registry_repository.main",
            "google_cloud_run_v2_service.logout"
          ]
        }
      ]
    },
    {
      "mode": "managed",
      "type": "google_cloud_run_v2_service_iam_policy",
      "name": "profile",
      "provider": "provider[\"registry.terraform.io/hashicorp/google\"]",
      "instances": [
        {
          "schema_version": 0,
          "attributes": {
            "etag": "BwX7t9YU/nQ=",
            "id": "projects/terraform-386117/locations/us-central1/services/profile",
            "location": "us-central1",
            "name": "projects/terraform-386117/locations/us-central1/services/profile",
            "policy_data": "{\"bindings\":[{\"members\":[\"allUsers\"],\"role\":\"roles/run.invoker\"}]}",
            "project": "terraform-386117"
          },
          "sensitive_attributes": [],
          "private": "bnVsbA==",
          "dependencies": [
            "data.google_iam_policy.profile",
            "docker_image.profile",
            "docker_registry_image.profile",
            "google_artifact_registry_repository.main",
            "google_cloud_run_v2_service.profile"
          ]
        }
      ]
    },
    {
      "mode": "managed",
      "type": "google_cloud_run_v2_service_iam_policy",
      "name": "register",
      "provider": "provider[\"registry.terraform.io/hashicorp/google\"]",
      "instances": [
        {
          "schema_version": 0,
          "attributes": {
            "etag": "BwX7t9Ot9IE=",
            "id": "projects/terraform-386117/locations/us-central1/services/register",
            "location": "us-central1",
            "name": "projects/terraform-386117/locations/us-central1/services/register",
            "policy_data": "{\"bindings\":[{\"members\":[\"allUsers\"],\"role\":\"roles/run.invoker\"}]}",
            "project": "terraform-386117"
          },
          "sensitive_attributes": [],
          "private": "bnVsbA==",
          "dependencies": [
            "data.google_iam_policy.register",
            "docker_image.register",
            "docker_registry_image.register",
            "google_artifact_registry_repository.main",
            "google_cloud_run_v2_service.register"
          ]
        }
      ]
    },
    {
      "mode": "managed",
      "type": "google_cloud_run_v2_service_iam_policy",
      "name": "viewproducts",
      "provider": "provider[\"registry.terraform.io/hashicorp/google\"]",
      "instances": [
        {
          "schema_version": 0,
          "attributes": {
            "etag": "BwX7t9Cpzck=",
            "id": "projects/terraform-386117/locations/us-central1/services/viewproducts",
            "location": "us-central1",
            "name": "projects/terraform-386117/locations/us-central1/services/viewproducts",
            "policy_data": "{\"bindings\":[{\"members\":[\"allUsers\"],\"role\":\"roles/run.invoker\"}]}",
            "project": "terraform-386117"
          },
          "sensitive_attributes": [],
          "private": "bnVsbA==",
          "dependencies": [
            "data.google_iam_policy.viewproducts",
            "docker_image.viewproducts",
            "docker_registry_image.viewproducts",
            "google_artifact_registry_repository.main",
            "google_cloud_run_v2_service.viewproducts"
          ]
        }
      ]
    }
  ],
  "check_results": null
}
